// !$*UTF8*$!
{
	archiveVersion = 1;
	classes = {
	};
	objectVersion = 50;
	objects = {

/* Begin PBXBuildFile section */
		2C5EE1BA257663880055DD57 /* AppDelegate.swift in Sources */ = {isa = PBXBuildFile; fileRef = 2C5EE1B9257663880055DD57 /* AppDelegate.swift */; };
		2C5EE1BC257663880055DD57 /* SceneDelegate.swift in Sources */ = {isa = PBXBuildFile; fileRef = 2C5EE1BB257663880055DD57 /* SceneDelegate.swift */; };
		2C5EE1BE257663880055DD57 /* ViewController.swift in Sources */ = {isa = PBXBuildFile; fileRef = 2C5EE1BD257663880055DD57 /* ViewController.swift */; };
		2C5EE1C1257663880055DD57 /* Main.storyboard in Resources */ = {isa = PBXBuildFile; fileRef = 2C5EE1BF257663880055DD57 /* Main.storyboard */; };
		2C5EE1C32576638D0055DD57 /* Assets.xcassets in Resources */ = {isa = PBXBuildFile; fileRef = 2C5EE1C22576638D0055DD57 /* Assets.xcassets */; };
		2C5EE1C62576638D0055DD57 /* LaunchScreen.storyboard in Resources */ = {isa = PBXBuildFile; fileRef = 2C5EE1C42576638D0055DD57 /* LaunchScreen.storyboard */; };
		2C5EE1D12576638D0055DD57 /* FlodelTests.swift in Sources */ = {isa = PBXBuildFile; fileRef = 2C5EE1D02576638D0055DD57 /* FlodelTests.swift */; };
		2C5EE1DC2576638D0055DD57 /* FlodelUITests.swift in Sources */ = {isa = PBXBuildFile; fileRef = 2C5EE1DB2576638D0055DD57 /* FlodelUITests.swift */; };
		2C5EE1EE257663F80055DD57 /* Router.swift in Sources */ = {isa = PBXBuildFile; fileRef = 2C5EE1ED257663F80055DD57 /* Router.swift */; };
		2C5EE1F5257668BD0055DD57 /* PhotoRouter.swift in Sources */ = {isa = PBXBuildFile; fileRef = 2C5EE1F4257668BD0055DD57 /* PhotoRouter.swift */; };
		2C5EE1FE2577C7450055DD57 /* URL+URLComponents.swift in Sources */ = {isa = PBXBuildFile; fileRef = 2C5EE1FD2577C7450055DD57 /* URL+URLComponents.swift */; };
		2C5EE2062577CA790055DD57 /* URLRequest+QueryItems.swift in Sources */ = {isa = PBXBuildFile; fileRef = 2C5EE2052577CA790055DD57 /* URLRequest+QueryItems.swift */; };
		2C5EE20B2577CF640055DD57 /* PhotoService.swift in Sources */ = {isa = PBXBuildFile; fileRef = 2C5EE20A2577CF640055DD57 /* PhotoService.swift */; };
		2C5EE2112577D2EC0055DD57 /* Photo.swift in Sources */ = {isa = PBXBuildFile; fileRef = 2C5EE2102577D2EC0055DD57 /* Photo.swift */; };
		2C5EE2192577D7110055DD57 /* Image.swift in Sources */ = {isa = PBXBuildFile; fileRef = 2C5EE2182577D7110055DD57 /* Image.swift */; };
		2C5EE22225780D640055DD57 /* PhotoViewController.swift in Sources */ = {isa = PBXBuildFile; fileRef = 2C5EE22125780D640055DD57 /* PhotoViewController.swift */; };
/* End PBXBuildFile section */

/* Begin PBXContainerItemProxy section */
		2C5EE1CD2576638D0055DD57 /* PBXContainerItemProxy */ = {
			isa = PBXContainerItemProxy;
			containerPortal = 2C5EE1AE257663870055DD57 /* Project object */;
			proxyType = 1;
			remoteGlobalIDString = 2C5EE1B5257663880055DD57;
			remoteInfo = Flodel;
		};
		2C5EE1D82576638D0055DD57 /* PBXContainerItemProxy */ = {
			isa = PBXContainerItemProxy;
			containerPortal = 2C5EE1AE257663870055DD57 /* Project object */;
			proxyType = 1;
			remoteGlobalIDString = 2C5EE1B5257663880055DD57;
			remoteInfo = Flodel;
		};
/* End PBXContainerItemProxy section */

/* Begin PBXFileReference section */
		2C5EE1B6257663880055DD57 /* Flodel.app */ = {isa = PBXFileReference; explicitFileType = wrapper.application; includeInIndex = 0; path = Flodel.app; sourceTree = BUILT_PRODUCTS_DIR; };
		2C5EE1B9257663880055DD57 /* AppDelegate.swift */ = {isa = PBXFileReference; lastKnownFileType = sourcecode.swift; path = AppDelegate.swift; sourceTree = "<group>"; };
		2C5EE1BB257663880055DD57 /* SceneDelegate.swift */ = {isa = PBXFileReference; lastKnownFileType = sourcecode.swift; path = SceneDelegate.swift; sourceTree = "<group>"; };
		2C5EE1BD257663880055DD57 /* ViewController.swift */ = {isa = PBXFileReference; lastKnownFileType = sourcecode.swift; path = ViewController.swift; sourceTree = "<group>"; };
		2C5EE1C0257663880055DD57 /* Base */ = {isa = PBXFileReference; lastKnownFileType = file.storyboard; name = Base; path = Base.lproj/Main.storyboard; sourceTree = "<group>"; };
		2C5EE1C22576638D0055DD57 /* Assets.xcassets */ = {isa = PBXFileReference; lastKnownFileType = folder.assetcatalog; path = Assets.xcassets; sourceTree = "<group>"; };
		2C5EE1C52576638D0055DD57 /* Base */ = {isa = PBXFileReference; lastKnownFileType = file.storyboard; name = Base; path = Base.lproj/LaunchScreen.storyboard; sourceTree = "<group>"; };
		2C5EE1C72576638D0055DD57 /* Info.plist */ = {isa = PBXFileReference; lastKnownFileType = text.plist.xml; path = Info.plist; sourceTree = "<group>"; };
		2C5EE1CC2576638D0055DD57 /* FlodelTests.xctest */ = {isa = PBXFileReference; explicitFileType = wrapper.cfbundle; includeInIndex = 0; path = FlodelTests.xctest; sourceTree = BUILT_PRODUCTS_DIR; };
		2C5EE1D02576638D0055DD57 /* FlodelTests.swift */ = {isa = PBXFileReference; lastKnownFileType = sourcecode.swift; path = FlodelTests.swift; sourceTree = "<group>"; };
		2C5EE1D22576638D0055DD57 /* Info.plist */ = {isa = PBXFileReference; lastKnownFileType = text.plist.xml; path = Info.plist; sourceTree = "<group>"; };
		2C5EE1D72576638D0055DD57 /* FlodelUITests.xctest */ = {isa = PBXFileReference; explicitFileType = wrapper.cfbundle; includeInIndex = 0; path = FlodelUITests.xctest; sourceTree = BUILT_PRODUCTS_DIR; };
		2C5EE1DB2576638D0055DD57 /* FlodelUITests.swift */ = {isa = PBXFileReference; lastKnownFileType = sourcecode.swift; path = FlodelUITests.swift; sourceTree = "<group>"; };
		2C5EE1DD2576638D0055DD57 /* Info.plist */ = {isa = PBXFileReference; lastKnownFileType = text.plist.xml; path = Info.plist; sourceTree = "<group>"; };
		2C5EE1ED257663F80055DD57 /* Router.swift */ = {isa = PBXFileReference; lastKnownFileType = sourcecode.swift; path = Router.swift; sourceTree = "<group>"; };
		2C5EE1F4257668BD0055DD57 /* PhotoRouter.swift */ = {isa = PBXFileReference; lastKnownFileType = sourcecode.swift; path = PhotoRouter.swift; sourceTree = "<group>"; };
		2C5EE1FD2577C7450055DD57 /* URL+URLComponents.swift */ = {isa = PBXFileReference; lastKnownFileType = sourcecode.swift; path = "URL+URLComponents.swift"; sourceTree = "<group>"; };
		2C5EE2052577CA790055DD57 /* URLRequest+QueryItems.swift */ = {isa = PBXFileReference; lastKnownFileType = sourcecode.swift; path = "URLRequest+QueryItems.swift"; sourceTree = "<group>"; };
		2C5EE20A2577CF640055DD57 /* PhotoService.swift */ = {isa = PBXFileReference; lastKnownFileType = sourcecode.swift; path = PhotoService.swift; sourceTree = "<group>"; };
		2C5EE2102577D2EC0055DD57 /* Photo.swift */ = {isa = PBXFileReference; lastKnownFileType = sourcecode.swift; path = Photo.swift; sourceTree = "<group>"; };
		2C5EE2182577D7110055DD57 /* Image.swift */ = {isa = PBXFileReference; lastKnownFileType = sourcecode.swift; path = Image.swift; sourceTree = "<group>"; };
		2C5EE22125780D640055DD57 /* PhotoViewController.swift */ = {isa = PBXFileReference; lastKnownFileType = sourcecode.swift; path = PhotoViewController.swift; sourceTree = "<group>"; };
/* End PBXFileReference section */

/* Begin PBXFrameworksBuildPhase section */
		2C5EE1B3257663880055DD57 /* Frameworks */ = {
			isa = PBXFrameworksBuildPhase;
			buildActionMask = 2147483647;
			files = (
			);
			runOnlyForDeploymentPostprocessing = 0;
		};
		2C5EE1C92576638D0055DD57 /* Frameworks */ = {
			isa = PBXFrameworksBuildPhase;
			buildActionMask = 2147483647;
			files = (
			);
			runOnlyForDeploymentPostprocessing = 0;
		};
		2C5EE1D42576638D0055DD57 /* Frameworks */ = {
			isa = PBXFrameworksBuildPhase;
			buildActionMask = 2147483647;
			files = (
			);
			runOnlyForDeploymentPostprocessing = 0;
		};
/* End PBXFrameworksBuildPhase section */

/* Begin PBXGroup section */
		2C5EE1AD257663870055DD57 = {
			isa = PBXGroup;
			children = (
				2C5EE1B8257663880055DD57 /* Flodel */,
				2C5EE1CF2576638D0055DD57 /* FlodelTests */,
				2C5EE1DA2576638D0055DD57 /* FlodelUITests */,
				2C5EE1B7257663880055DD57 /* Products */,
			);
			sourceTree = "<group>";
		};
		2C5EE1B7257663880055DD57 /* Products */ = {
			isa = PBXGroup;
			children = (
				2C5EE1B6257663880055DD57 /* Flodel.app */,
				2C5EE1CC2576638D0055DD57 /* FlodelTests.xctest */,
				2C5EE1D72576638D0055DD57 /* FlodelUITests.xctest */,
			);
			name = Products;
			sourceTree = "<group>";
		};
		2C5EE1B8257663880055DD57 /* Flodel */ = {
			isa = PBXGroup;
			children = (
				2C5EE1FC2577C72D0055DD57 /* Extensions */,
				2C5EE1F2257668910055DD57 /* Photo */,
				2C5EE1EC257663C80055DD57 /* Utilites */,
				2C5EE1B9257663880055DD57 /* AppDelegate.swift */,
				2C5EE1BB257663880055DD57 /* SceneDelegate.swift */,
				2C5EE1BD257663880055DD57 /* ViewController.swift */,
				2C5EE1BF257663880055DD57 /* Main.storyboard */,
				2C5EE1C22576638D0055DD57 /* Assets.xcassets */,
				2C5EE1C42576638D0055DD57 /* LaunchScreen.storyboard */,
				2C5EE1C72576638D0055DD57 /* Info.plist */,
			);
			path = Flodel;
			sourceTree = "<group>";
		};
		2C5EE1CF2576638D0055DD57 /* FlodelTests */ = {
			isa = PBXGroup;
			children = (
				2C5EE1D02576638D0055DD57 /* FlodelTests.swift */,
				2C5EE1D22576638D0055DD57 /* Info.plist */,
			);
			path = FlodelTests;
			sourceTree = "<group>";
		};
		2C5EE1DA2576638D0055DD57 /* FlodelUITests */ = {
			isa = PBXGroup;
			children = (
				2C5EE1DB2576638D0055DD57 /* FlodelUITests.swift */,
				2C5EE1DD2576638D0055DD57 /* Info.plist */,
			);
			path = FlodelUITests;
			sourceTree = "<group>";
		};
		2C5EE1EC257663C80055DD57 /* Utilites */ = {
			isa = PBXGroup;
			children = (
				2C5EE1ED257663F80055DD57 /* Router.swift */,
			);
			path = Utilites;
			sourceTree = "<group>";
		};
		2C5EE1F2257668910055DD57 /* Photo */ = {
			isa = PBXGroup;
			children = (
				2C5EE22025780D390055DD57 /* Views */,
				2C5EE20F2577D2DE0055DD57 /* Models */,
				2C5EE1F3257668A70055DD57 /* DataSource */,
			);
			path = Photo;
			sourceTree = "<group>";
		};
		2C5EE1F3257668A70055DD57 /* DataSource */ = {
			isa = PBXGroup;
			children = (
				2C5EE1F4257668BD0055DD57 /* PhotoRouter.swift */,
				2C5EE20A2577CF640055DD57 /* PhotoService.swift */,
			);
			path = DataSource;
			sourceTree = "<group>";
		};
		2C5EE1FC2577C72D0055DD57 /* Extensions */ = {
			isa = PBXGroup;
			children = (
				2C5EE1FD2577C7450055DD57 /* URL+URLComponents.swift */,
				2C5EE2052577CA790055DD57 /* URLRequest+QueryItems.swift */,
			);
			path = Extensions;
			sourceTree = "<group>";
		};
		2C5EE20F2577D2DE0055DD57 /* Models */ = {
			isa = PBXGroup;
			children = (
				2C5EE2102577D2EC0055DD57 /* Photo.swift */,
				2C5EE2182577D7110055DD57 /* Image.swift */,
			);
			path = Models;
			sourceTree = "<group>";
		};
		2C5EE22025780D390055DD57 /* Views */ = {
			isa = PBXGroup;
			children = (
				2C5EE22125780D640055DD57 /* PhotoViewController.swift */,
			);
			path = Views;
			sourceTree = "<group>";
		};
/* End PBXGroup section */

/* Begin PBXNativeTarget section */
		2C5EE1B5257663880055DD57 /* Flodel */ = {
			isa = PBXNativeTarget;
			buildConfigurationList = 2C5EE1E02576638D0055DD57 /* Build configuration list for PBXNativeTarget "Flodel" */;
			buildPhases = (
				2C5EE1B2257663880055DD57 /* Sources */,
				2C5EE1B3257663880055DD57 /* Frameworks */,
				2C5EE1B4257663880055DD57 /* Resources */,
			);
			buildRules = (
			);
			dependencies = (
			);
			name = Flodel;
			productName = Flodel;
			productReference = 2C5EE1B6257663880055DD57 /* Flodel.app */;
			productType = "com.apple.product-type.application";
		};
		2C5EE1CB2576638D0055DD57 /* FlodelTests */ = {
			isa = PBXNativeTarget;
			buildConfigurationList = 2C5EE1E32576638D0055DD57 /* Build configuration list for PBXNativeTarget "FlodelTests" */;
			buildPhases = (
				2C5EE1C82576638D0055DD57 /* Sources */,
				2C5EE1C92576638D0055DD57 /* Frameworks */,
				2C5EE1CA2576638D0055DD57 /* Resources */,
			);
			buildRules = (
			);
			dependencies = (
				2C5EE1CE2576638D0055DD57 /* PBXTargetDependency */,
			);
			name = FlodelTests;
			productName = FlodelTests;
			productReference = 2C5EE1CC2576638D0055DD57 /* FlodelTests.xctest */;
			productType = "com.apple.product-type.bundle.unit-test";
		};
		2C5EE1D62576638D0055DD57 /* FlodelUITests */ = {
			isa = PBXNativeTarget;
			buildConfigurationList = 2C5EE1E62576638D0055DD57 /* Build configuration list for PBXNativeTarget "FlodelUITests" */;
			buildPhases = (
				2C5EE1D32576638D0055DD57 /* Sources */,
				2C5EE1D42576638D0055DD57 /* Frameworks */,
				2C5EE1D52576638D0055DD57 /* Resources */,
			);
			buildRules = (
			);
			dependencies = (
				2C5EE1D92576638D0055DD57 /* PBXTargetDependency */,
			);
			name = FlodelUITests;
			productName = FlodelUITests;
			productReference = 2C5EE1D72576638D0055DD57 /* FlodelUITests.xctest */;
			productType = "com.apple.product-type.bundle.ui-testing";
		};
/* End PBXNativeTarget section */

/* Begin PBXProject section */
		2C5EE1AE257663870055DD57 /* Project object */ = {
			isa = PBXProject;
			attributes = {
				LastSwiftUpdateCheck = 1220;
				LastUpgradeCheck = 1220;
				TargetAttributes = {
					2C5EE1B5257663880055DD57 = {
						CreatedOnToolsVersion = 12.2;
					};
					2C5EE1CB2576638D0055DD57 = {
						CreatedOnToolsVersion = 12.2;
						TestTargetID = 2C5EE1B5257663880055DD57;
					};
					2C5EE1D62576638D0055DD57 = {
						CreatedOnToolsVersion = 12.2;
						TestTargetID = 2C5EE1B5257663880055DD57;
					};
				};
			};
			buildConfigurationList = 2C5EE1B1257663870055DD57 /* Build configuration list for PBXProject "Flodel" */;
			compatibilityVersion = "Xcode 9.3";
			developmentRegion = en;
			hasScannedForEncodings = 0;
			knownRegions = (
				en,
				Base,
			);
			mainGroup = 2C5EE1AD257663870055DD57;
			productRefGroup = 2C5EE1B7257663880055DD57 /* Products */;
			projectDirPath = "";
			projectRoot = "";
			targets = (
				2C5EE1B5257663880055DD57 /* Flodel */,
				2C5EE1CB2576638D0055DD57 /* FlodelTests */,
				2C5EE1D62576638D0055DD57 /* FlodelUITests */,
			);
		};
/* End PBXProject section */

/* Begin PBXResourcesBuildPhase section */
		2C5EE1B4257663880055DD57 /* Resources */ = {
			isa = PBXResourcesBuildPhase;
			buildActionMask = 2147483647;
			files = (
				2C5EE1C62576638D0055DD57 /* LaunchScreen.storyboard in Resources */,
				2C5EE1C32576638D0055DD57 /* Assets.xcassets in Resources */,
				2C5EE1C1257663880055DD57 /* Main.storyboard in Resources */,
			);
			runOnlyForDeploymentPostprocessing = 0;
		};
		2C5EE1CA2576638D0055DD57 /* Resources */ = {
			isa = PBXResourcesBuildPhase;
			buildActionMask = 2147483647;
			files = (
			);
			runOnlyForDeploymentPostprocessing = 0;
		};
		2C5EE1D52576638D0055DD57 /* Resources */ = {
			isa = PBXResourcesBuildPhase;
			buildActionMask = 2147483647;
			files = (
			);
			runOnlyForDeploymentPostprocessing = 0;
		};
/* End PBXResourcesBuildPhase section */

/* Begin PBXSourcesBuildPhase section */
		2C5EE1B2257663880055DD57 /* Sources */ = {
			isa = PBXSourcesBuildPhase;
			buildActionMask = 2147483647;
			files = (
				2C5EE2112577D2EC0055DD57 /* Photo.swift in Sources */,
				2C5EE20B2577CF640055DD57 /* PhotoService.swift in Sources */,
				2C5EE1EE257663F80055DD57 /* Router.swift in Sources */,
				2C5EE1BE257663880055DD57 /* ViewController.swift in Sources */,
				2C5EE1F5257668BD0055DD57 /* PhotoRouter.swift in Sources */,
				2C5EE1BA257663880055DD57 /* AppDelegate.swift in Sources */,
				2C5EE1BC257663880055DD57 /* SceneDelegate.swift in Sources */,
				2C5EE2062577CA790055DD57 /* URLRequest+QueryItems.swift in Sources */,
				2C5EE1FE2577C7450055DD57 /* URL+URLComponents.swift in Sources */,
				2C5EE2192577D7110055DD57 /* Image.swift in Sources */,
				2C5EE22225780D640055DD57 /* PhotoViewController.swift in Sources */,
			);
			runOnlyForDeploymentPostprocessing = 0;
		};
		2C5EE1C82576638D0055DD57 /* Sources */ = {
			isa = PBXSourcesBuildPhase;
			buildActionMask = 2147483647;
			files = (
				2C5EE1D12576638D0055DD57 /* FlodelTests.swift in Sources */,
			);
			runOnlyForDeploymentPostprocessing = 0;
		};
		2C5EE1D32576638D0055DD57 /* Sources */ = {
			isa = PBXSourcesBuildPhase;
			buildActionMask = 2147483647;
			files = (
				2C5EE1DC2576638D0055DD57 /* FlodelUITests.swift in Sources */,
			);
			runOnlyForDeploymentPostprocessing = 0;
		};
/* End PBXSourcesBuildPhase section */

/* Begin PBXTargetDependency section */
		2C5EE1CE2576638D0055DD57 /* PBXTargetDependency */ = {
			isa = PBXTargetDependency;
			target = 2C5EE1B5257663880055DD57 /* Flodel */;
			targetProxy = 2C5EE1CD2576638D0055DD57 /* PBXContainerItemProxy */;
		};
		2C5EE1D92576638D0055DD57 /* PBXTargetDependency */ = {
			isa = PBXTargetDependency;
			target = 2C5EE1B5257663880055DD57 /* Flodel */;
			targetProxy = 2C5EE1D82576638D0055DD57 /* PBXContainerItemProxy */;
		};
/* End PBXTargetDependency section */

/* Begin PBXVariantGroup section */
		2C5EE1BF257663880055DD57 /* Main.storyboard */ = {
			isa = PBXVariantGroup;
			children = (
				2C5EE1C0257663880055DD57 /* Base */,
			);
			name = Main.storyboard;
			sourceTree = "<group>";
		};
		2C5EE1C42576638D0055DD57 /* LaunchScreen.storyboard */ = {
			isa = PBXVariantGroup;
			children = (
				2C5EE1C52576638D0055DD57 /* Base */,
			);
			name = LaunchScreen.storyboard;
			sourceTree = "<group>";
		};
/* End PBXVariantGroup section */

/* Begin XCBuildConfiguration section */
		2C5EE1DE2576638D0055DD57 /* Debug */ = {
			isa = XCBuildConfiguration;
			buildSettings = {
				ALWAYS_SEARCH_USER_PATHS = NO;
				CLANG_ANALYZER_NONNULL = YES;
				CLANG_ANALYZER_NUMBER_OBJECT_CONVERSION = YES_AGGRESSIVE;
				CLANG_CXX_LANGUAGE_STANDARD = "gnu++14";
				CLANG_CXX_LIBRARY = "libc++";
				CLANG_ENABLE_MODULES = YES;
				CLANG_ENABLE_OBJC_ARC = YES;
				CLANG_ENABLE_OBJC_WEAK = YES;
				CLANG_WARN_BLOCK_CAPTURE_AUTORELEASING = YES;
				CLANG_WARN_BOOL_CONVERSION = YES;
				CLANG_WARN_COMMA = YES;
				CLANG_WARN_CONSTANT_CONVERSION = YES;
				CLANG_WARN_DEPRECATED_OBJC_IMPLEMENTATIONS = YES;
				CLANG_WARN_DIRECT_OBJC_ISA_USAGE = YES_ERROR;
				CLANG_WARN_DOCUMENTATION_COMMENTS = YES;
				CLANG_WARN_EMPTY_BODY = YES;
				CLANG_WARN_ENUM_CONVERSION = YES;
				CLANG_WARN_INFINITE_RECURSION = YES;
				CLANG_WARN_INT_CONVERSION = YES;
				CLANG_WARN_NON_LITERAL_NULL_CONVERSION = YES;
				CLANG_WARN_OBJC_IMPLICIT_RETAIN_SELF = YES;
				CLANG_WARN_OBJC_LITERAL_CONVERSION = YES;
				CLANG_WARN_OBJC_ROOT_CLASS = YES_ERROR;
				CLANG_WARN_QUOTED_INCLUDE_IN_FRAMEWORK_HEADER = YES;
				CLANG_WARN_RANGE_LOOP_ANALYSIS = YES;
				CLANG_WARN_STRICT_PROTOTYPES = YES;
				CLANG_WARN_SUSPICIOUS_MOVE = YES;
				CLANG_WARN_UNGUARDED_AVAILABILITY = YES_AGGRESSIVE;
				CLANG_WARN_UNREACHABLE_CODE = YES;
				CLANG_WARN__DUPLICATE_METHOD_MATCH = YES;
				COPY_PHASE_STRIP = NO;
				DEBUG_INFORMATION_FORMAT = dwarf;
				ENABLE_STRICT_OBJC_MSGSEND = YES;
				ENABLE_TESTABILITY = YES;
				GCC_C_LANGUAGE_STANDARD = gnu11;
				GCC_DYNAMIC_NO_PIC = NO;
				GCC_NO_COMMON_BLOCKS = YES;
				GCC_OPTIMIZATION_LEVEL = 0;
				GCC_PREPROCESSOR_DEFINITIONS = (
					"DEBUG=1",
					"$(inherited)",
				);
				GCC_WARN_64_TO_32_BIT_CONVERSION = YES;
				GCC_WARN_ABOUT_RETURN_TYPE = YES_ERROR;
				GCC_WARN_UNDECLARED_SELECTOR = YES;
				GCC_WARN_UNINITIALIZED_AUTOS = YES_AGGRESSIVE;
				GCC_WARN_UNUSED_FUNCTION = YES;
				GCC_WARN_UNUSED_VARIABLE = YES;
				IPHONEOS_DEPLOYMENT_TARGET = 14.2;
				MTL_ENABLE_DEBUG_INFO = INCLUDE_SOURCE;
				MTL_FAST_MATH = YES;
				ONLY_ACTIVE_ARCH = YES;
				SDKROOT = iphoneos;
				SWIFT_ACTIVE_COMPILATION_CONDITIONS = DEBUG;
				SWIFT_OPTIMIZATION_LEVEL = "-Onone";
			};
			name = Debug;
		};
		2C5EE1DF2576638D0055DD57 /* Release */ = {
			isa = XCBuildConfiguration;
			buildSettings = {
				ALWAYS_SEARCH_USER_PATHS = NO;
				CLANG_ANALYZER_NONNULL = YES;
				CLANG_ANALYZER_NUMBER_OBJECT_CONVERSION = YES_AGGRESSIVE;
				CLANG_CXX_LANGUAGE_STANDARD = "gnu++14";
				CLANG_CXX_LIBRARY = "libc++";
				CLANG_ENABLE_MODULES = YES;
				CLANG_ENABLE_OBJC_ARC = YES;
				CLANG_ENABLE_OBJC_WEAK = YES;
				CLANG_WARN_BLOCK_CAPTURE_AUTORELEASING = YES;
				CLANG_WARN_BOOL_CONVERSION = YES;
				CLANG_WARN_COMMA = YES;
				CLANG_WARN_CONSTANT_CONVERSION = YES;
				CLANG_WARN_DEPRECATED_OBJC_IMPLEMENTATIONS = YES;
				CLANG_WARN_DIRECT_OBJC_ISA_USAGE = YES_ERROR;
				CLANG_WARN_DOCUMENTATION_COMMENTS = YES;
				CLANG_WARN_EMPTY_BODY = YES;
				CLANG_WARN_ENUM_CONVERSION = YES;
				CLANG_WARN_INFINITE_RECURSION = YES;
				CLANG_WARN_INT_CONVERSION = YES;
				CLANG_WARN_NON_LITERAL_NULL_CONVERSION = YES;
				CLANG_WARN_OBJC_IMPLICIT_RETAIN_SELF = YES;
				CLANG_WARN_OBJC_LITERAL_CONVERSION = YES;
				CLANG_WARN_OBJC_ROOT_CLASS = YES_ERROR;
				CLANG_WARN_QUOTED_INCLUDE_IN_FRAMEWORK_HEADER = YES;
				CLANG_WARN_RANGE_LOOP_ANALYSIS = YES;
				CLANG_WARN_STRICT_PROTOTYPES = YES;
				CLANG_WARN_SUSPICIOUS_MOVE = YES;
				CLANG_WARN_UNGUARDED_AVAILABILITY = YES_AGGRESSIVE;
				CLANG_WARN_UNREACHABLE_CODE = YES;
				CLANG_WARN__DUPLICATE_METHOD_MATCH = YES;
				COPY_PHASE_STRIP = NO;
				DEBUG_INFORMATION_FORMAT = "dwarf-with-dsym";
				ENABLE_NS_ASSERTIONS = NO;
				ENABLE_STRICT_OBJC_MSGSEND = YES;
				GCC_C_LANGUAGE_STANDARD = gnu11;
				GCC_NO_COMMON_BLOCKS = YES;
				GCC_WARN_64_TO_32_BIT_CONVERSION = YES;
				GCC_WARN_ABOUT_RETURN_TYPE = YES_ERROR;
				GCC_WARN_UNDECLARED_SELECTOR = YES;
				GCC_WARN_UNINITIALIZED_AUTOS = YES_AGGRESSIVE;
				GCC_WARN_UNUSED_FUNCTION = YES;
				GCC_WARN_UNUSED_VARIABLE = YES;
				IPHONEOS_DEPLOYMENT_TARGET = 14.2;
				MTL_ENABLE_DEBUG_INFO = NO;
				MTL_FAST_MATH = YES;
				SDKROOT = iphoneos;
				SWIFT_COMPILATION_MODE = wholemodule;
				SWIFT_OPTIMIZATION_LEVEL = "-O";
				VALIDATE_PRODUCT = YES;
			};
			name = Release;
		};
		2C5EE1E12576638D0055DD57 /* Debug */ = {
			isa = XCBuildConfiguration;
			buildSettings = {
				ASSETCATALOG_COMPILER_APPICON_NAME = AppIcon;
				ASSETCATALOG_COMPILER_GLOBAL_ACCENT_COLOR_NAME = AccentColor;
				CODE_SIGN_STYLE = Automatic;
				DEVELOPMENT_TEAM = DK64384C46;
				INFOPLIST_FILE = Flodel/Info.plist;
				LD_RUNPATH_SEARCH_PATHS = (
					"$(inherited)",
					"@executable_path/Frameworks",
				);
				PRODUCT_BUNDLE_IDENTIFIER = Brackets.Flodel;
				PRODUCT_NAME = "$(TARGET_NAME)";
				SWIFT_VERSION = 5.0;
				TARGETED_DEVICE_FAMILY = "1,2";
			};
			name = Debug;
		};
		2C5EE1E22576638D0055DD57 /* Release */ = {
			isa = XCBuildConfiguration;
			buildSettings = {
				ASSETCATALOG_COMPILER_APPICON_NAME = AppIcon;
				ASSETCATALOG_COMPILER_GLOBAL_ACCENT_COLOR_NAME = AccentColor;
				CODE_SIGN_STYLE = Automatic;
				DEVELOPMENT_TEAM = DK64384C46;
				INFOPLIST_FILE = Flodel/Info.plist;
				LD_RUNPATH_SEARCH_PATHS = (
					"$(inherited)",
					"@executable_path/Frameworks",
				);
				PRODUCT_BUNDLE_IDENTIFIER = Brackets.Flodel;
				PRODUCT_NAME = "$(TARGET_NAME)";
				SWIFT_VERSION = 5.0;
				TARGETED_DEVICE_FAMILY = "1,2";
			};
			name = Release;
		};
		2C5EE1E42576638D0055DD57 /* Debug */ = {
			isa = XCBuildConfiguration;
			buildSettings = {
				ALWAYS_EMBED_SWIFT_STANDARD_LIBRARIES = YES;
				BUNDLE_LOADER = "$(TEST_HOST)";
				CODE_SIGN_STYLE = Automatic;
				DEVELOPMENT_TEAM = DK64384C46;
				INFOPLIST_FILE = FlodelTests/Info.plist;
				IPHONEOS_DEPLOYMENT_TARGET = 14.2;
				LD_RUNPATH_SEARCH_PATHS = (
					"$(inherited)",
					"@executable_path/Frameworks",
					"@loader_path/Frameworks",
				);
				PRODUCT_BUNDLE_IDENTIFIER = Brackets.FlodelTests;
				PRODUCT_NAME = "$(TARGET_NAME)";
				SWIFT_VERSION = 5.0;
				TARGETED_DEVICE_FAMILY = "1,2";
				TEST_HOST = "$(BUILT_PRODUCTS_DIR)/Flodel.app/Flodel";
			};
			name = Debug;
		};
		2C5EE1E52576638D0055DD57 /* Release */ = {
			isa = XCBuildConfiguration;
			buildSettings = {
				ALWAYS_EMBED_SWIFT_STANDARD_LIBRARIES = YES;
				BUNDLE_LOADER = "$(TEST_HOST)";
				CODE_SIGN_STYLE = Automatic;
				DEVELOPMENT_TEAM = DK64384C46;
				INFOPLIST_FILE = FlodelTests/Info.plist;
				IPHONEOS_DEPLOYMENT_TARGET = 14.2;
				LD_RUNPATH_SEARCH_PATHS = (
					"$(inherited)",
					"@executable_path/Frameworks",
					"@loader_path/Frameworks",
				);
				PRODUCT_BUNDLE_IDENTIFIER = Brackets.FlodelTests;
				PRODUCT_NAME = "$(TARGET_NAME)";
				SWIFT_VERSION = 5.0;
				TARGETED_DEVICE_FAMILY = "1,2";
				TEST_HOST = "$(BUILT_PRODUCTS_DIR)/Flodel.app/Flodel";
			};
			name = Release;
		};
		2C5EE1E72576638D0055DD57 /* Debug */ = {
			isa = XCBuildConfiguration;
			buildSettings = {
				ALWAYS_EMBED_SWIFT_STANDARD_LIBRARIES = YES;
				CODE_SIGN_STYLE = Automatic;
				DEVELOPMENT_TEAM = DK64384C46;
				INFOPLIST_FILE = FlodelUITests/Info.plist;
				LD_RUNPATH_SEARCH_PATHS = (
					"$(inherited)",
					"@executable_path/Frameworks",
					"@loader_path/Frameworks",
				);
				PRODUCT_BUNDLE_IDENTIFIER = Brackets.FlodelUITests;
				PRODUCT_NAME = "$(TARGET_NAME)";
				SWIFT_VERSION = 5.0;
				TARGETED_DEVICE_FAMILY = "1,2";
				TEST_TARGET_NAME = Flodel;
			};
			name = Debug;
		};
		2C5EE1E82576638D0055DD57 /* Release */ = {
			isa = XCBuildConfiguration;
			buildSettings = {
				ALWAYS_EMBED_SWIFT_STANDARD_LIBRARIES = YES;
				CODE_SIGN_STYLE = Automatic;
				DEVELOPMENT_TEAM = DK64384C46;
				INFOPLIST_FILE = FlodelUITests/Info.plist;
				LD_RUNPATH_SEARCH_PATHS = (
					"$(inherited)",
					"@executable_path/Frameworks",
					"@loader_path/Frameworks",
				);
				PRODUCT_BUNDLE_IDENTIFIER = Brackets.FlodelUITests;
				PRODUCT_NAME = "$(TARGET_NAME)";
				SWIFT_VERSION = 5.0;
				TARGETED_DEVICE_FAMILY = "1,2";
				TEST_TARGET_NAME = Flodel;
			};
			name = Release;
		};
/* End XCBuildConfiguration section */

/* Begin XCConfigurationList section */
		2C5EE1B1257663870055DD57 /* Build configuration list for PBXProject "Flodel" */ = {
			isa = XCConfigurationList;
			buildConfigurations = (
				2C5EE1DE2576638D0055DD57 /* Debug */,
				2C5EE1DF2576638D0055DD57 /* Release */,
			);
			defaultConfigurationIsVisible = 0;
			defaultConfigurationName = Release;
		};
		2C5EE1E02576638D0055DD57 /* Build configuration list for PBXNativeTarget "Flodel" */ = {
			isa = XCConfigurationList;
			buildConfigurations = (
				2C5EE1E12576638D0055DD57 /* Debug */,
				2C5EE1E22576638D0055DD57 /* Release */,
			);
			defaultConfigurationIsVisible = 0;
			defaultConfigurationName = Release;
		};
		2C5EE1E32576638D0055DD57 /* Build configuration list for PBXNativeTarget "FlodelTests" */ = {
			isa = XCConfigurationList;
			buildConfigurations = (
				2C5EE1E42576638D0055DD57 /* Debug */,
				2C5EE1E52576638D0055DD57 /* Release */,
			);
			defaultConfigurationIsVisible = 0;
			defaultConfigurationName = Release;
		};
		2C5EE1E62576638D0055DD57 /* Build configuration list for PBXNativeTarget "FlodelUITests" */ = {
			isa = XCConfigurationList;
			buildConfigurations = (
				2C5EE1E72576638D0055DD57 /* Debug */,
				2C5EE1E82576638D0055DD57 /* Release */,
			);
			defaultConfigurationIsVisible = 0;
			defaultConfigurationName = Release;
		};
/* End XCConfigurationList section */
	};
	rootObject = 2C5EE1AE257663870055DD57 /* Project object */;
}
